{
    "_readme": [
        "This file locks the dependencies of your project to a known state",
        "Read more about it at https://getcomposer.org/doc/01-basic-usage.md#installing-dependencies",
        "This file is @generated automatically"
    ],
    "content-hash": "d490938c7c72cd045a71f95e9b9b73a0",
    "packages": [
        {
            "name": "czproject/git-php",
            "version": "v3.18.1",
            "source": {
                "type": "git",
                "url": "https://github.com/czproject/git-php.git",
                "reference": "db664a8d5a1fbfd33e1cdd6ae65bc411bd18dc73"
            },
            "dist": {
                "type": "zip",
                "url": "https://api.github.com/repos/czproject/git-php/zipball/db664a8d5a1fbfd33e1cdd6ae65bc411bd18dc73",
                "reference": "db664a8d5a1fbfd33e1cdd6ae65bc411bd18dc73",
                "shasum": ""
            },
            "require": {
                "php": ">=5.4.0"
            },
            "require-dev": {
                "nette/tester": "^1.1"
            },
            "type": "library",
            "autoload": {
                "classmap": [
                    "src/"
                ]
            },
            "notification-url": "https://packagist.org/downloads/",
            "license": [
                "BSD-3-Clause"
            ],
            "authors": [
                {
                    "name": "Jan Pecha",
                    "email": "janpecha@email.cz"
                }
            ],
            "description": "Library for work with Git repository in PHP.",
            "keywords": [
                "git"
            ],
            "support": {
                "issues": "https://github.com/czproject/git-php/issues",
                "source": "https://github.com/czproject/git-php/tree/v3.18.1"
            },
            "time": "2020-07-03T08:02:12+00:00"
        }
    ],
    "packages-dev": [],
    "aliases": [],
    "minimum-stability": "stable",
    "stability-flags": [],
    "prefer-stable": false,
    "prefer-lowest": false,
    "platform": [],
    "platform-dev": [],
    "plugin-api-version": "2.0.0"
}
